
Microsoft Visual Studio Solution File, Format Version 12.00
# Visual Studio Version 16
VisualStudioVersion = 16.0.31402.337
MinimumVisualStudioVersion = 10.0.40219.1
Project("{FAE04EC0-301F-11D3-BF4B-00C04F79EFBC}") = "Roll", "Roll\Roll.csproj", "{385C4592-8B16-421B-9401-9608CEF23B0B}"
EndProject
Global
	GlobalSection(SolutionConfigurationPlatforms) = preSolution
		Debug|Any CPU = Debug|Any CPU
		Release|Any CPU = Release|Any CPU
	EndGlobalSection
	GlobalSection(ProjectConfigurationPlatforms) = postSolution
		{385C4592-8B16-421B-9401-9608CEF23B0B}.Debug|Any CPU.ActiveCfg = Debug|Any CPU
		{385C4592-8B16-421B-9401-9608CEF23B0B}.Debug|Any CPU.Build.0 = Debug|Any CPU
		{385C4592-8B16-421B-9401-9608CEF23B0B}.Release|Any CPU.ActiveCfg = Release|Any CPU
		{385C4592-8B16-421B-9401-9608CEF23B0B}.Release|Any CPU.Build.0 = Release|Any CPU
	EndGlobalSection
	GlobalSection(SolutionProperties) = preSolution
		HideSolutionNode = FALSE
	EndGlobalSection
	GlobalSection(ExtensibilityGlobals) = postSolution
		SolutionGuid = {94A17DFE-931F-49EC-9793-65967356A264}
	EndGlobalSection
EndGlobal
